# This file is autogenerated, do not edit; changes may be undone by the next 'dep ensure'.


[[projects]]
  name = "github.com/junzzz/nanika"
  packages = ["."]
  revision = "0a118d3c78e475b250c1fcecc7f63f28cfa8a745"
  version = "v1.0.1"

[solve-meta]
  analyzer-name = "dep"
  analyzer-version = 1
  inputs-digest = "b996ff41fe199fcd82153c1982e8eebb48a1c7d501c98343d36c27c20160eae1"
  solver-name = "gps-cdcl"
  solver-version = 1
